
Microsoft Visual Studio Solution File, Format Version 12.00
# Visual Studio 15
VisualStudioVersion = 15.0.27703.2026
MinimumVisualStudioVersion = 10.0.40219.1
Project("{8BC9CEB8-8B4A-11D0-8D11-00A0C91BC942}") = "CodingInterviews", "CodingInterviews\CodingInterviews.vcxproj", "{9E5DF1E4-C324-49DD-B8B8-0CC5901540D4}"
EndProject
Global
	GlobalSection(SolutionConfigurationPlatforms) = preSolution
		Debug|x64 = Debug|x64
		Debug|x86 = Debug|x86
		Release|x64 = Release|x64
		Release|x86 = Release|x86
	EndGlobalSection
	GlobalSection(ProjectConfigurationPlatforms) = postSolution
		{9E5DF1E4-C324-49DD-B8B8-0CC5901540D4}.Debug|x64.ActiveCfg = Debug|x64
		{9E5DF1E4-C324-49DD-B8B8-0CC5901540D4}.Debug|x64.Build.0 = Debug|x64
		{9E5DF1E4-C324-49DD-B8B8-0CC5901540D4}.Debug|x86.ActiveCfg = Debug|Win32
		{9E5DF1E4-C324-49DD-B8B8-0CC5901540D4}.Debug|x86.Build.0 = Debug|Win32
		{9E5DF1E4-C324-49DD-B8B8-0CC5901540D4}.Release|x64.ActiveCfg = Release|x64
		{9E5DF1E4-C324-49DD-B8B8-0CC5901540D4}.Release|x64.Build.0 = Release|x64
		{9E5DF1E4-C324-49DD-B8B8-0CC5901540D4}.Release|x86.ActiveCfg = Release|Win32
		{9E5DF1E4-C324-49DD-B8B8-0CC5901540D4}.Release|x86.Build.0 = Release|Win32
	EndGlobalSection
	GlobalSection(SolutionProperties) = preSolution
		HideSolutionNode = FALSE
	EndGlobalSection
	GlobalSection(ExtensibilityGlobals) = postSolution
		SolutionGuid = {7E1F7889-4F0A-468C-BCF3-728425367990}
	EndGlobalSection
EndGlobal
